
Microsoft Visual Studio Solution File, Format Version 12.00
# Visual Studio Version 16
VisualStudioVersion = 16.0.28922.388
MinimumVisualStudioVersion = 10.0.40219.1
Project("{FAE04EC0-301F-11D3-BF4B-00C04F79EFBC}") = "weebware - dependencies", "weebware - dependencies\weebware - dependencies.csproj", "{A9A83BEF-5F5B-4125-A565-BB679D03CC3B}"
EndProject
Global
	GlobalSection(SolutionConfigurationPlatforms) = preSolution
		Debug|Any CPU = Debug|Any CPU
		Release|Any CPU = Release|Any CPU
	EndGlobalSection
	GlobalSection(ProjectConfigurationPlatforms) = postSolution
		{A9A83BEF-5F5B-4125-A565-BB679D03CC3B}.Debug|Any CPU.ActiveCfg = Debug|Any CPU
		{A9A83BEF-5F5B-4125-A565-BB679D03CC3B}.Debug|Any CPU.Build.0 = Debug|Any CPU
		{A9A83BEF-5F5B-4125-A565-BB679D03CC3B}.Release|Any CPU.ActiveCfg = Release|Any CPU
		{A9A83BEF-5F5B-4125-A565-BB679D03CC3B}.Release|Any CPU.Build.0 = Release|Any CPU
	EndGlobalSection
	GlobalSection(SolutionProperties) = preSolution
		HideSolutionNode = FALSE
	EndGlobalSection
	GlobalSection(ExtensibilityGlobals) = postSolution
		SolutionGuid = {628C472D-902F-4CDA-B685-4AA1878F2776}
	EndGlobalSection
EndGlobal
