
Microsoft Visual Studio Solution File, Format Version 12.00
# Visual Studio 15
VisualStudioVersion = 15.0.26730.16
MinimumVisualStudioVersion = 10.0.40219.1
Project("{8BC9CEB8-8B4A-11D0-8D11-00A0C91BC942}") = "weebware", "weebware\weebware.vcxproj", "{10EFEBF7-BF2A-4357-830C-B20E8266C1E1}"
EndProject
Global
	GlobalSection(SolutionConfigurationPlatforms) = preSolution
		Debug|x64 = Debug|x64
		Debug|x86 = Debug|x86
		Release|x64 = Release|x64
		Release|x86 = Release|x86
	EndGlobalSection
	GlobalSection(ProjectConfigurationPlatforms) = postSolution
		{10EFEBF7-BF2A-4357-830C-B20E8266C1E1}.Debug|x64.ActiveCfg = Debug|x64
		{10EFEBF7-BF2A-4357-830C-B20E8266C1E1}.Debug|x64.Build.0 = Debug|x64
		{10EFEBF7-BF2A-4357-830C-B20E8266C1E1}.Debug|x86.ActiveCfg = Debug|Win32
		{10EFEBF7-BF2A-4357-830C-B20E8266C1E1}.Debug|x86.Build.0 = Debug|Win32
		{10EFEBF7-BF2A-4357-830C-B20E8266C1E1}.Release|x64.ActiveCfg = Release|x64
		{10EFEBF7-BF2A-4357-830C-B20E8266C1E1}.Release|x64.Build.0 = Release|x64
		{10EFEBF7-BF2A-4357-830C-B20E8266C1E1}.Release|x86.ActiveCfg = Release|Win32
		{10EFEBF7-BF2A-4357-830C-B20E8266C1E1}.Release|x86.Build.0 = Release|Win32
	EndGlobalSection
	GlobalSection(SolutionProperties) = preSolution
		HideSolutionNode = FALSE
	EndGlobalSection
	GlobalSection(ExtensibilityGlobals) = postSolution
		SolutionGuid = {02F6AAE8-69D9-4217-A8C5-037BF7DC6280}
	EndGlobalSection
EndGlobal
