
Microsoft Visual Studio Solution File, Format Version 12.00
# Visual Studio Version 16
VisualStudioVersion = 16.0.29411.108
MinimumVisualStudioVersion = 10.0.40219.1
Project("{FAE04EC0-301F-11D3-BF4B-00C04F79EFBC}") = "weebware loader", "weebware loader 2.0\weebware loader.csproj", "{802F73D1-AEA6-40D0-B032-E4B08A10D23F}"
EndProject
Global
	GlobalSection(SolutionConfigurationPlatforms) = preSolution
		Debug|Any CPU = Debug|Any CPU
		Release|Any CPU = Release|Any CPU
	EndGlobalSection
	GlobalSection(ProjectConfigurationPlatforms) = postSolution
		{802F73D1-AEA6-40D0-B032-E4B08A10D23F}.Debug|Any CPU.ActiveCfg = Debug|Any CPU
		{802F73D1-AEA6-40D0-B032-E4B08A10D23F}.Debug|Any CPU.Build.0 = Debug|Any CPU
		{802F73D1-AEA6-40D0-B032-E4B08A10D23F}.Release|Any CPU.ActiveCfg = Release|Any CPU
		{802F73D1-AEA6-40D0-B032-E4B08A10D23F}.Release|Any CPU.Build.0 = Release|Any CPU
	EndGlobalSection
	GlobalSection(SolutionProperties) = preSolution
		HideSolutionNode = FALSE
	EndGlobalSection
	GlobalSection(ExtensibilityGlobals) = postSolution
		SolutionGuid = {E87481D7-0E2F-44D9-8209-03714E09D998}
	EndGlobalSection
EndGlobal
